
Microsoft Visual Studio Solution File, Format Version 11.00
# Visual Studio 2010
Project("{FAE04EC0-301F-11D3-BF4B-00C04F79EFBC}") = "MyWebShop2", "MyWebShop2\MyWebShop2.csproj", "{3ADB2B3A-9A57-47CC-9D72-E1E149BBDDE1}"
EndProject
Global
	GlobalSection(SolutionConfigurationPlatforms) = preSolution
		Debug|Any CPU = Debug|Any CPU
		Release|Any CPU = Release|Any CPU
	EndGlobalSection
	GlobalSection(ProjectConfigurationPlatforms) = postSolution
		{3ADB2B3A-9A57-47CC-9D72-E1E149BBDDE1}.Debug|Any CPU.ActiveCfg = Debug|Any CPU
		{3ADB2B3A-9A57-47CC-9D72-E1E149BBDDE1}.Debug|Any CPU.Build.0 = Debug|Any CPU
		{3ADB2B3A-9A57-47CC-9D72-E1E149BBDDE1}.Release|Any CPU.ActiveCfg = Release|Any CPU
		{3ADB2B3A-9A57-47CC-9D72-E1E149BBDDE1}.Release|Any CPU.Build.0 = Release|Any CPU
	EndGlobalSection
	GlobalSection(SolutionProperties) = preSolution
		HideSolutionNode = FALSE
	EndGlobalSection
EndGlobal
